
Microsoft Visual Studio Solution File, Format Version 12.00
# Visual Studio Version 17
VisualStudioVersion = 17.7.34018.315
MinimumVisualStudioVersion = 10.0.40219.1
Project("{FAE04EC0-301F-11D3-BF4B-00C04F79EFBC}") = "GameNight2", "GameNight2\GameNight2.csproj", "{7AEF7057-062F-4293-8337-3BB87860BCBB}"
EndProject
Global
	GlobalSection(SolutionConfigurationPlatforms) = preSolution
		Debug|Any CPU = Debug|Any CPU
		Release|Any CPU = Release|Any CPU
	EndGlobalSection
	GlobalSection(ProjectConfigurationPlatforms) = postSolution
		{7AEF7057-062F-4293-8337-3BB87860BCBB}.Debug|Any CPU.ActiveCfg = Debug|Any CPU
		{7AEF7057-062F-4293-8337-3BB87860BCBB}.Debug|Any CPU.Build.0 = Debug|Any CPU
		{7AEF7057-062F-4293-8337-3BB87860BCBB}.Release|Any CPU.ActiveCfg = Release|Any CPU
		{7AEF7057-062F-4293-8337-3BB87860BCBB}.Release|Any CPU.Build.0 = Release|Any CPU
	EndGlobalSection
	GlobalSection(SolutionProperties) = preSolution
		HideSolutionNode = FALSE
	EndGlobalSection
	GlobalSection(ExtensibilityGlobals) = postSolution
		SolutionGuid = {AB3D7007-A9A2-4D0E-9172-3811525F1CB3}
	EndGlobalSection
EndGlobal
